
Microsoft Visual Studio Solution File, Format Version 12.00
# Visual Studio 15
VisualStudioVersion = 15.0.27130.2024
MinimumVisualStudioVersion = 10.0.40219.1
Project("{FAE04EC0-301F-11D3-BF4B-00C04F79EFBC}") = "Memberships", "Memberships\Memberships.csproj", "{03277C87-2A26-42B6-B88D-BECE7C692E94}"
EndProject
Global
	GlobalSection(SolutionConfigurationPlatforms) = preSolution
		Debug|Any CPU = Debug|Any CPU
		Release|Any CPU = Release|Any CPU
	EndGlobalSection
	GlobalSection(ProjectConfigurationPlatforms) = postSolution
		{03277C87-2A26-42B6-B88D-BECE7C692E94}.Debug|Any CPU.ActiveCfg = Debug|Any CPU
		{03277C87-2A26-42B6-B88D-BECE7C692E94}.Debug|Any CPU.Build.0 = Debug|Any CPU
		{03277C87-2A26-42B6-B88D-BECE7C692E94}.Release|Any CPU.ActiveCfg = Release|Any CPU
		{03277C87-2A26-42B6-B88D-BECE7C692E94}.Release|Any CPU.Build.0 = Release|Any CPU
	EndGlobalSection
	GlobalSection(SolutionProperties) = preSolution
		HideSolutionNode = FALSE
	EndGlobalSection
	GlobalSection(ExtensibilityGlobals) = postSolution
		SolutionGuid = {5FF8A1F3-5977-4B91-BEF7-395F3F6B7EAD}
	EndGlobalSection
EndGlobal
